
Microsoft Visual Studio Solution File, Format Version 12.00
# Visual Studio Version 17
VisualStudioVersion = 17.7.34202.233
MinimumVisualStudioVersion = 10.0.40219.1
Project("{FAE04EC0-301F-11D3-BF4B-00C04F79EFBC}") = "NPL.ASM12", "NPL.ASM12\NPL.ASM12.csproj", "{4A1D1587-BAA5-4411-90FE-E7AB7DE4E044}"
EndProject
Global
	GlobalSection(SolutionConfigurationPlatforms) = preSolution
		Debug|Any CPU = Debug|Any CPU
		Release|Any CPU = Release|Any CPU
	EndGlobalSection
	GlobalSection(ProjectConfigurationPlatforms) = postSolution
		{4A1D1587-BAA5-4411-90FE-E7AB7DE4E044}.Debug|Any CPU.ActiveCfg = Debug|Any CPU
		{4A1D1587-BAA5-4411-90FE-E7AB7DE4E044}.Debug|Any CPU.Build.0 = Debug|Any CPU
		{4A1D1587-BAA5-4411-90FE-E7AB7DE4E044}.Release|Any CPU.ActiveCfg = Release|Any CPU
		{4A1D1587-BAA5-4411-90FE-E7AB7DE4E044}.Release|Any CPU.Build.0 = Release|Any CPU
	EndGlobalSection
	GlobalSection(SolutionProperties) = preSolution
		HideSolutionNode = FALSE
	EndGlobalSection
	GlobalSection(ExtensibilityGlobals) = postSolution
		SolutionGuid = {26E804BA-4A35-4055-90C6-EBE444607C1D}
	EndGlobalSection
EndGlobal
