
Microsoft Visual Studio Solution File, Format Version 12.00
# Visual Studio Version 17
VisualStudioVersion = 17.7.34202.233
MinimumVisualStudioVersion = 10.0.40219.1
Project("{FAE04EC0-301F-11D3-BF4B-00C04F79EFBC}") = "ASM10", "ASM10\ASM10.csproj", "{7BE0D90B-0149-4F30-B92D-F0945DB33E91}"
EndProject
Project("{FAE04EC0-301F-11D3-BF4B-00C04F79EFBC}") = "EXC2", "EXC2\EXC2.csproj", "{C837DAA9-5405-4D99-B910-921B63B8C8AD}"
EndProject
Global
	GlobalSection(SolutionConfigurationPlatforms) = preSolution
		Debug|Any CPU = Debug|Any CPU
		Release|Any CPU = Release|Any CPU
	EndGlobalSection
	GlobalSection(ProjectConfigurationPlatforms) = postSolution
		{7BE0D90B-0149-4F30-B92D-F0945DB33E91}.Debug|Any CPU.ActiveCfg = Debug|Any CPU
		{7BE0D90B-0149-4F30-B92D-F0945DB33E91}.Debug|Any CPU.Build.0 = Debug|Any CPU
		{7BE0D90B-0149-4F30-B92D-F0945DB33E91}.Release|Any CPU.ActiveCfg = Release|Any CPU
		{7BE0D90B-0149-4F30-B92D-F0945DB33E91}.Release|Any CPU.Build.0 = Release|Any CPU
		{C837DAA9-5405-4D99-B910-921B63B8C8AD}.Debug|Any CPU.ActiveCfg = Debug|Any CPU
		{C837DAA9-5405-4D99-B910-921B63B8C8AD}.Debug|Any CPU.Build.0 = Debug|Any CPU
		{C837DAA9-5405-4D99-B910-921B63B8C8AD}.Release|Any CPU.ActiveCfg = Release|Any CPU
		{C837DAA9-5405-4D99-B910-921B63B8C8AD}.Release|Any CPU.Build.0 = Release|Any CPU
	EndGlobalSection
	GlobalSection(SolutionProperties) = preSolution
		HideSolutionNode = FALSE
	EndGlobalSection
	GlobalSection(ExtensibilityGlobals) = postSolution
		SolutionGuid = {AD2ED9C0-6A02-40F3-8282-92C22D7A43CE}
	EndGlobalSection
EndGlobal
